
Microsoft Visual Studio Solution File, Format Version 12.00
# Visual Studio Version 17
VisualStudioVersion = 17.6.33723.286
MinimumVisualStudioVersion = 10.0.40219.1
Project("{FAE04EC0-301F-11D3-BF4B-00C04F79EFBC}") = "FlatAsteriods", "FlatAsteriods.csproj", "{EC259212-AA9F-4206-B8DD-D8187E0CDCC5}"
EndProject
Project("{9A19103F-16F7-4668-BE54-9A1E7A4F7556}") = "Flat1", "..\Flat1\Flat1.csproj", "{A152D084-9D77-4741-AFA7-9C36C16D5D9A}"
EndProject
Global
	GlobalSection(SolutionConfigurationPlatforms) = preSolution
		Debug|Any CPU = Debug|Any CPU
		Release|Any CPU = Release|Any CPU
	EndGlobalSection
	GlobalSection(ProjectConfigurationPlatforms) = postSolution
		{EC259212-AA9F-4206-B8DD-D8187E0CDCC5}.Debug|Any CPU.ActiveCfg = Debug|Any CPU
		{EC259212-AA9F-4206-B8DD-D8187E0CDCC5}.Debug|Any CPU.Build.0 = Debug|Any CPU
		{EC259212-AA9F-4206-B8DD-D8187E0CDCC5}.Release|Any CPU.ActiveCfg = Release|Any CPU
		{EC259212-AA9F-4206-B8DD-D8187E0CDCC5}.Release|Any CPU.Build.0 = Release|Any CPU
		{A152D084-9D77-4741-AFA7-9C36C16D5D9A}.Debug|Any CPU.ActiveCfg = Debug|Any CPU
		{A152D084-9D77-4741-AFA7-9C36C16D5D9A}.Debug|Any CPU.Build.0 = Debug|Any CPU
		{A152D084-9D77-4741-AFA7-9C36C16D5D9A}.Release|Any CPU.ActiveCfg = Release|Any CPU
		{A152D084-9D77-4741-AFA7-9C36C16D5D9A}.Release|Any CPU.Build.0 = Release|Any CPU
	EndGlobalSection
	GlobalSection(SolutionProperties) = preSolution
		HideSolutionNode = FALSE
	EndGlobalSection
	GlobalSection(ExtensibilityGlobals) = postSolution
		SolutionGuid = {B9823CFD-8A4E-44A5-AB56-4525C63559EB}
	EndGlobalSection
EndGlobal
